// !$*UTF8*$!
{
	archiveVersion = 1;
	classes = {
	};
	objectVersion = 46;
	objects = {

/* Begin PBXBuildFile section */
		3441695F1C67812400B93D28 /* FileBrowser.framework in Frameworks */ = {isa = PBXBuildFile; fileRef = 344169541C67812400B93D28 /* FileBrowser.framework */; };
		976662C72734555D009D48FC /* folder@2x.png in Resources */ = {isa = PBXBuildFile; fileRef = 976662AC2734555D009D48FC /* folder@2x.png */; };
		976662C82734555D009D48FC /* zip@2x.png in Resources */ = {isa = PBXBuildFile; fileRef = 976662AD2734555D009D48FC /* zip@2x.png */; };
		976662C92734555D009D48FC /* WebviewPreviewViewContoller.xib in Resources */ = {isa = PBXBuildFile; fileRef = 976662AE2734555D009D48FC /* WebviewPreviewViewContoller.xib */; };
		976662CA2734555D009D48FC /* image@2x.png in Resources */ = {isa = PBXBuildFile; fileRef = 976662AF2734555D009D48FC /* image@2x.png */; };
		976662CB2734555D009D48FC /* documents@2x.png in Resources */ = {isa = PBXBuildFile; fileRef = 976662B02734555D009D48FC /* documents@2x.png */; };
		976662CC2734555D009D48FC /* file@2x.png in Resources */ = {isa = PBXBuildFile; fileRef = 976662B12734555D009D48FC /* file@2x.png */; };
		976662CD2734555D009D48FC /* FileBrowser.xib in Resources */ = {isa = PBXBuildFile; fileRef = 976662B22734555D009D48FC /* FileBrowser.xib */; };
		976662CE2734555D009D48FC /* pdf@2x.png in Resources */ = {isa = PBXBuildFile; fileRef = 976662B32734555D009D48FC /* pdf@2x.png */; };
		976662CF2734555D009D48FC /* PreviewTransitionViewController.xib in Resources */ = {isa = PBXBuildFile; fileRef = 976662B42734555D009D48FC /* PreviewTransitionViewController.xib */; };
		976662D02734555D009D48FC /* UIColor+Ext.swift in Sources */ = {isa = PBXBuildFile; fileRef = 976662B52734555D009D48FC /* UIColor+Ext.swift */; };
		976662D12734555D009D48FC /* FileListViewController.swift in Sources */ = {isa = PBXBuildFile; fileRef = 976662B72734555D009D48FC /* FileListViewController.swift */; };
		976662D22734555D009D48FC /* FileListTableView.swift in Sources */ = {isa = PBXBuildFile; fileRef = 976662B82734555D009D48FC /* FileListTableView.swift */; };
		976662D32734555D009D48FC /* FileListPreview.swift in Sources */ = {isa = PBXBuildFile; fileRef = 976662B92734555D009D48FC /* FileListPreview.swift */; };
		976662D42734555D009D48FC /* FileListSearch.swift in Sources */ = {isa = PBXBuildFile; fileRef = 976662BA2734555D009D48FC /* FileListSearch.swift */; };
		976662D52734555D009D48FC /* WebviewPreviewViewContoller.swift in Sources */ = {isa = PBXBuildFile; fileRef = 976662BC2734555D009D48FC /* WebviewPreviewViewContoller.swift */; };
		976662D62734555D009D48FC /* PreviewManager.swift in Sources */ = {isa = PBXBuildFile; fileRef = 976662BD2734555D009D48FC /* PreviewManager.swift */; };
		976662D72734555D009D48FC /* PreviewTransitionViewController.swift in Sources */ = {isa = PBXBuildFile; fileRef = 976662BE2734555D009D48FC /* PreviewTransitionViewController.swift */; };
		976662D82734555D009D48FC /* FileBrowser.h in Headers */ = {isa = PBXBuildFile; fileRef = 976662BF2734555D009D48FC /* FileBrowser.h */; settings = {ATTRIBUTES = (Public, ); }; };
		976662D92734555D009D48FC /* AllocatedSizeOfDirectory.swift in Sources */ = {isa = PBXBuildFile; fileRef = 976662C12734555D009D48FC /* AllocatedSizeOfDirectory.swift */; };
		976662DA2734555D009D48FC /* FileParser.swift in Sources */ = {isa = PBXBuildFile; fileRef = 976662C22734555D009D48FC /* FileParser.swift */; };
		976662DB2734555D009D48FC /* FBFile.swift in Sources */ = {isa = PBXBuildFile; fileRef = 976662C32734555D009D48FC /* FBFile.swift */; };
		976662DC2734555D009D48FC /* SizeConverter.swift in Sources */ = {isa = PBXBuildFile; fileRef = 976662C42734555D009D48FC /* SizeConverter.swift */; };
		976662DE2734555D009D48FC /* FileBrowser.swift in Sources */ = {isa = PBXBuildFile; fileRef = 976662C62734555D009D48FC /* FileBrowser.swift */; };
		976662E9273455D7009D48FC /* 3crBXeO.gif in Resources */ = {isa = PBXBuildFile; fileRef = 976662E127345572009D48FC /* 3crBXeO.gif */; };
		976662EA273455D7009D48FC /* Stitch.jpg in Resources */ = {isa = PBXBuildFile; fileRef = 976662E427345572009D48FC /* Stitch.jpg */; };
		976662EB273455EE009D48FC /* FileBrowserTests.swift in Sources */ = {isa = PBXBuildFile; fileRef = 976662E227345572009D48FC /* FileBrowserTests.swift */; };
/* End PBXBuildFile section */

/* Begin PBXContainerItemProxy section */
		344169601C67812400B93D28 /* PBXContainerItemProxy */ = {
			isa = PBXContainerItemProxy;
			containerPortal = 3441694B1C67812400B93D28 /* Project object */;
			proxyType = 1;
			remoteGlobalIDString = 344169531C67812400B93D28;
			remoteInfo = FileBrowser;
		};
/* End PBXContainerItemProxy section */

/* Begin PBXFileReference section */
		344169541C67812400B93D28 /* FileBrowser.framework */ = {isa = PBXFileReference; explicitFileType = wrapper.framework; includeInIndex = 0; path = FileBrowser.framework; sourceTree = BUILT_PRODUCTS_DIR; };
		3441695E1C67812400B93D28 /* FileBrowserTests.xctest */ = {isa = PBXFileReference; explicitFileType = wrapper.cfbundle; includeInIndex = 0; path = FileBrowserTests.xctest; sourceTree = BUILT_PRODUCTS_DIR; };
		976662AC2734555D009D48FC /* folder@2x.png */ = {isa = PBXFileReference; lastKnownFileType = image.png; path = "folder@2x.png"; sourceTree = "<group>"; };
		976662AD2734555D009D48FC /* zip@2x.png */ = {isa = PBXFileReference; lastKnownFileType = image.png; path = "zip@2x.png"; sourceTree = "<group>"; };
		976662AE2734555D009D48FC /* WebviewPreviewViewContoller.xib */ = {isa = PBXFileReference; fileEncoding = 4; lastKnownFileType = file.xib; path = WebviewPreviewViewContoller.xib; sourceTree = "<group>"; };
		976662AF2734555D009D48FC /* image@2x.png */ = {isa = PBXFileReference; lastKnownFileType = image.png; path = "image@2x.png"; sourceTree = "<group>"; };
		976662B02734555D009D48FC /* documents@2x.png */ = {isa = PBXFileReference; lastKnownFileType = image.png; path = "documents@2x.png"; sourceTree = "<group>"; };
		976662B12734555D009D48FC /* file@2x.png */ = {isa = PBXFileReference; lastKnownFileType = image.png; path = "file@2x.png"; sourceTree = "<group>"; };
		976662B22734555D009D48FC /* FileBrowser.xib */ = {isa = PBXFileReference; fileEncoding = 4; lastKnownFileType = file.xib; path = FileBrowser.xib; sourceTree = "<group>"; };
		976662B32734555D009D48FC /* pdf@2x.png */ = {isa = PBXFileReference; lastKnownFileType = image.png; path = "pdf@2x.png"; sourceTree = "<group>"; };
		976662B42734555D009D48FC /* PreviewTransitionViewController.xib */ = {isa = PBXFileReference; fileEncoding = 4; lastKnownFileType = file.xib; path = PreviewTransitionViewController.xib; sourceTree = "<group>"; };
		976662B52734555D009D48FC /* UIColor+Ext.swift */ = {isa = PBXFileReference; fileEncoding = 4; lastKnownFileType = sourcecode.swift; path = "UIColor+Ext.swift"; sourceTree = "<group>"; };
		976662B72734555D009D48FC /* FileListViewController.swift */ = {isa = PBXFileReference; fileEncoding = 4; lastKnownFileType = sourcecode.swift; path = FileListViewController.swift; sourceTree = "<group>"; };
		976662B82734555D009D48FC /* FileListTableView.swift */ = {isa = PBXFileReference; fileEncoding = 4; lastKnownFileType = sourcecode.swift; path = FileListTableView.swift; sourceTree = "<group>"; };
		976662B92734555D009D48FC /* FileListPreview.swift */ = {isa = PBXFileReference; fileEncoding = 4; lastKnownFileType = sourcecode.swift; path = FileListPreview.swift; sourceTree = "<group>"; };
		976662BA2734555D009D48FC /* FileListSearch.swift */ = {isa = PBXFileReference; fileEncoding = 4; lastKnownFileType = sourcecode.swift; path = FileListSearch.swift; sourceTree = "<group>"; };
		976662BC2734555D009D48FC /* WebviewPreviewViewContoller.swift */ = {isa = PBXFileReference; fileEncoding = 4; lastKnownFileType = sourcecode.swift; path = WebviewPreviewViewContoller.swift; sourceTree = "<group>"; };
		976662BD2734555D009D48FC /* PreviewManager.swift */ = {isa = PBXFileReference; fileEncoding = 4; lastKnownFileType = sourcecode.swift; path = PreviewManager.swift; sourceTree = "<group>"; };
		976662BE2734555D009D48FC /* PreviewTransitionViewController.swift */ = {isa = PBXFileReference; fileEncoding = 4; lastKnownFileType = sourcecode.swift; path = PreviewTransitionViewController.swift; sourceTree = "<group>"; };
		976662BF2734555D009D48FC /* FileBrowser.h */ = {isa = PBXFileReference; fileEncoding = 4; lastKnownFileType = sourcecode.c.h; path = FileBrowser.h; sourceTree = "<group>"; };
		976662C12734555D009D48FC /* AllocatedSizeOfDirectory.swift */ = {isa = PBXFileReference; fileEncoding = 4; lastKnownFileType = sourcecode.swift; path = AllocatedSizeOfDirectory.swift; sourceTree = "<group>"; };
		976662C22734555D009D48FC /* FileParser.swift */ = {isa = PBXFileReference; fileEncoding = 4; lastKnownFileType = sourcecode.swift; path = FileParser.swift; sourceTree = "<group>"; };
		976662C32734555D009D48FC /* FBFile.swift */ = {isa = PBXFileReference; fileEncoding = 4; lastKnownFileType = sourcecode.swift; path = FBFile.swift; sourceTree = "<group>"; };
		976662C42734555D009D48FC /* SizeConverter.swift */ = {isa = PBXFileReference; fileEncoding = 4; lastKnownFileType = sourcecode.swift; path = SizeConverter.swift; sourceTree = "<group>"; };
		976662C52734555D009D48FC /* Info.plist */ = {isa = PBXFileReference; fileEncoding = 4; lastKnownFileType = text.plist.xml; path = Info.plist; sourceTree = "<group>"; };
		976662C62734555D009D48FC /* FileBrowser.swift */ = {isa = PBXFileReference; fileEncoding = 4; lastKnownFileType = sourcecode.swift; path = FileBrowser.swift; sourceTree = "<group>"; };
		976662E127345572009D48FC /* 3crBXeO.gif */ = {isa = PBXFileReference; lastKnownFileType = image.gif; path = 3crBXeO.gif; sourceTree = "<group>"; };
		976662E227345572009D48FC /* FileBrowserTests.swift */ = {isa = PBXFileReference; fileEncoding = 4; lastKnownFileType = sourcecode.swift; path = FileBrowserTests.swift; sourceTree = "<group>"; };
		976662E327345572009D48FC /* Info.plist */ = {isa = PBXFileReference; fileEncoding = 4; lastKnownFileType = text.plist.xml; path = Info.plist; sourceTree = "<group>"; };
		976662E427345572009D48FC /* Stitch.jpg */ = {isa = PBXFileReference; lastKnownFileType = image.jpeg; path = Stitch.jpg; sourceTree = "<group>"; };
		976662EC27345F2B009D48FC /* README.md */ = {isa = PBXFileReference; lastKnownFileType = net.daringfireball.markdown; path = README.md; sourceTree = "<group>"; };
		976662ED27345F2B009D48FC /* LICENSE */ = {isa = PBXFileReference; lastKnownFileType = text; path = LICENSE; sourceTree = "<group>"; };
		976662EE27345F2B009D48FC /* CHANGELOG.md */ = {isa = PBXFileReference; lastKnownFileType = net.daringfireball.markdown; path = CHANGELOG.md; sourceTree = "<group>"; };
		976662EF27345F37009D48FC /* FileBrowser.podspec */ = {isa = PBXFileReference; lastKnownFileType = text; path = FileBrowser.podspec; sourceTree = "<group>"; };
/* End PBXFileReference section */

/* Begin PBXFrameworksBuildPhase section */
		344169501C67812400B93D28 /* Frameworks */ = {
			isa = PBXFrameworksBuildPhase;
			buildActionMask = 2147483647;
			files = (
			);
			runOnlyForDeploymentPostprocessing = 0;
		};
		3441695B1C67812400B93D28 /* Frameworks */ = {
			isa = PBXFrameworksBuildPhase;
			buildActionMask = 2147483647;
			files = (
				3441695F1C67812400B93D28 /* FileBrowser.framework in Frameworks */,
			);
			runOnlyForDeploymentPostprocessing = 0;
		};
/* End PBXFrameworksBuildPhase section */

/* Begin PBXGroup section */
		3441694A1C67812400B93D28 = {
			isa = PBXGroup;
			children = (
				976662EE27345F2B009D48FC /* CHANGELOG.md */,
				976662ED27345F2B009D48FC /* LICENSE */,
				976662EC27345F2B009D48FC /* README.md */,
				976662EF27345F37009D48FC /* FileBrowser.podspec */,
				976662A92734555D009D48FC /* Sources */,
				976662DF27345572009D48FC /* Tests */,
				344169551C67812400B93D28 /* Products */,
			);
			sourceTree = "<group>";
		};
		344169551C67812400B93D28 /* Products */ = {
			isa = PBXGroup;
			children = (
				344169541C67812400B93D28 /* FileBrowser.framework */,
				3441695E1C67812400B93D28 /* FileBrowserTests.xctest */,
			);
			name = Products;
			sourceTree = "<group>";
		};
		976662A92734555D009D48FC /* Sources */ = {
			isa = PBXGroup;
			children = (
				976662AA2734555D009D48FC /* FileBrowser */,
			);
			path = Sources;
			sourceTree = "<group>";
		};
		976662AA2734555D009D48FC /* FileBrowser */ = {
			isa = PBXGroup;
			children = (
				976662AB2734555D009D48FC /* Resources */,
				976662B52734555D009D48FC /* UIColor+Ext.swift */,
				976662B62734555D009D48FC /* FileList */,
				976662BB2734555D009D48FC /* Preview */,
				976662BF2734555D009D48FC /* FileBrowser.h */,
				976662C02734555D009D48FC /* Data */,
				976662C52734555D009D48FC /* Info.plist */,
				976662C62734555D009D48FC /* FileBrowser.swift */,
			);
			path = FileBrowser;
			sourceTree = "<group>";
		};
		976662AB2734555D009D48FC /* Resources */ = {
			isa = PBXGroup;
			children = (
				976662AC2734555D009D48FC /* folder@2x.png */,
				976662AD2734555D009D48FC /* zip@2x.png */,
				976662AE2734555D009D48FC /* WebviewPreviewViewContoller.xib */,
				976662AF2734555D009D48FC /* image@2x.png */,
				976662B02734555D009D48FC /* documents@2x.png */,
				976662B12734555D009D48FC /* file@2x.png */,
				976662B22734555D009D48FC /* FileBrowser.xib */,
				976662B32734555D009D48FC /* pdf@2x.png */,
				976662B42734555D009D48FC /* PreviewTransitionViewController.xib */,
			);
			path = Resources;
			sourceTree = "<group>";
		};
		976662B62734555D009D48FC /* FileList */ = {
			isa = PBXGroup;
			children = (
				976662B72734555D009D48FC /* FileListViewController.swift */,
				976662B82734555D009D48FC /* FileListTableView.swift */,
				976662B92734555D009D48FC /* FileListPreview.swift */,
				976662BA2734555D009D48FC /* FileListSearch.swift */,
			);
			path = FileList;
			sourceTree = "<group>";
		};
		976662BB2734555D009D48FC /* Preview */ = {
			isa = PBXGroup;
			children = (
				976662BC2734555D009D48FC /* WebviewPreviewViewContoller.swift */,
				976662BD2734555D009D48FC /* PreviewManager.swift */,
				976662BE2734555D009D48FC /* PreviewTransitionViewController.swift */,
			);
			path = Preview;
			sourceTree = "<group>";
		};
		976662C02734555D009D48FC /* Data */ = {
			isa = PBXGroup;
			children = (
				976662C12734555D009D48FC /* AllocatedSizeOfDirectory.swift */,
				976662C22734555D009D48FC /* FileParser.swift */,
				976662C32734555D009D48FC /* FBFile.swift */,
				976662C42734555D009D48FC /* SizeConverter.swift */,
			);
			path = Data;
			sourceTree = "<group>";
		};
		976662DF27345572009D48FC /* Tests */ = {
			isa = PBXGroup;
			children = (
				976662E027345572009D48FC /* FileBrowserTests */,
			);
			path = Tests;
			sourceTree = "<group>";
		};
		976662E027345572009D48FC /* FileBrowserTests */ = {
			isa = PBXGroup;
			children = (
				976662E127345572009D48FC /* 3crBXeO.gif */,
				976662E227345572009D48FC /* FileBrowserTests.swift */,
				976662E327345572009D48FC /* Info.plist */,
				976662E427345572009D48FC /* Stitch.jpg */,
			);
			path = FileBrowserTests;
			sourceTree = "<group>";
		};
/* End PBXGroup section */

/* Begin PBXHeadersBuildPhase section */
		344169511C67812400B93D28 /* Headers */ = {
			isa = PBXHeadersBuildPhase;
			buildActionMask = 2147483647;
			files = (
				976662D82734555D009D48FC /* FileBrowser.h in Headers */,
			);
			runOnlyForDeploymentPostprocessing = 0;
		};
/* End PBXHeadersBuildPhase section */

/* Begin PBXNativeTarget section */
		344169531C67812400B93D28 /* FileBrowser */ = {
			isa = PBXNativeTarget;
			buildConfigurationList = 344169681C67812400B93D28 /* Build configuration list for PBXNativeTarget "FileBrowser" */;
			buildPhases = (
				3441694F1C67812400B93D28 /* Sources */,
				344169501C67812400B93D28 /* Frameworks */,
				344169511C67812400B93D28 /* Headers */,
				344169521C67812400B93D28 /* Resources */,
			);
			buildRules = (
			);
			dependencies = (
			);
			name = FileBrowser;
			productName = FileBrowser;
			productReference = 344169541C67812400B93D28 /* FileBrowser.framework */;
			productType = "com.apple.product-type.framework";
		};
		3441695D1C67812400B93D28 /* FileBrowserTests */ = {
			isa = PBXNativeTarget;
			buildConfigurationList = 3441696B1C67812400B93D28 /* Build configuration list for PBXNativeTarget "FileBrowserTests" */;
			buildPhases = (
				3441695A1C67812400B93D28 /* Sources */,
				3441695B1C67812400B93D28 /* Frameworks */,
				3441695C1C67812400B93D28 /* Resources */,
			);
			buildRules = (
			);
			dependencies = (
				344169611C67812400B93D28 /* PBXTargetDependency */,
			);
			name = FileBrowserTests;
			productName = FileBrowserTests;
			productReference = 3441695E1C67812400B93D28 /* FileBrowserTests.xctest */;
			productType = "com.apple.product-type.bundle.unit-test";
		};
/* End PBXNativeTarget section */

/* Begin PBXProject section */
		3441694B1C67812400B93D28 /* Project object */ = {
			isa = PBXProject;
			attributes = {
				LastSwiftUpdateCheck = 0720;
				LastUpgradeCheck = 1300;
				ORGANIZATIONNAME = "Roy Marmelstein";
				TargetAttributes = {
					344169531C67812400B93D28 = {
						CreatedOnToolsVersion = 7.2.1;
						LastSwiftMigration = 1020;
					};
					3441695D1C67812400B93D28 = {
						CreatedOnToolsVersion = 7.2.1;
						LastSwiftMigration = 1020;
						ProvisioningStyle = Manual;
					};
				};
			};
			buildConfigurationList = 3441694E1C67812400B93D28 /* Build configuration list for PBXProject "FileBrowser" */;
			compatibilityVersion = "Xcode 3.2";
			developmentRegion = en;
			hasScannedForEncodings = 0;
			knownRegions = (
				en,
				Base,
			);
			mainGroup = 3441694A1C67812400B93D28;
			productRefGroup = 344169551C67812400B93D28 /* Products */;
			projectDirPath = "";
			projectRoot = "";
			targets = (
				344169531C67812400B93D28 /* FileBrowser */,
				3441695D1C67812400B93D28 /* FileBrowserTests */,
			);
		};
/* End PBXProject section */

/* Begin PBXResourcesBuildPhase section */
		344169521C67812400B93D28 /* Resources */ = {
			isa = PBXResourcesBuildPhase;
			buildActionMask = 2147483647;
			files = (
				976662CA2734555D009D48FC /* image@2x.png in Resources */,
				976662CE2734555D009D48FC /* pdf@2x.png in Resources */,
				976662C92734555D009D48FC /* WebviewPreviewViewContoller.xib in Resources */,
				976662CB2734555D009D48FC /* documents@2x.png in Resources */,
				976662C82734555D009D48FC /* zip@2x.png in Resources */,
				976662CD2734555D009D48FC /* FileBrowser.xib in Resources */,
				976662CC2734555D009D48FC /* file@2x.png in Resources */,
				976662CF2734555D009D48FC /* PreviewTransitionViewController.xib in Resources */,
				976662C72734555D009D48FC /* folder@2x.png in Resources */,
			);
			runOnlyForDeploymentPostprocessing = 0;
		};
		3441695C1C67812400B93D28 /* Resources */ = {
			isa = PBXResourcesBuildPhase;
			buildActionMask = 2147483647;
			files = (
				976662E9273455D7009D48FC /* 3crBXeO.gif in Resources */,
				976662EA273455D7009D48FC /* Stitch.jpg in Resources */,
			);
			runOnlyForDeploymentPostprocessing = 0;
		};
/* End PBXResourcesBuildPhase section */

/* Begin PBXSourcesBuildPhase section */
		3441694F1C67812400B93D28 /* Sources */ = {
			isa = PBXSourcesBuildPhase;
			buildActionMask = 2147483647;
			files = (
				976662D22734555D009D48FC /* FileListTableView.swift in Sources */,
				976662D12734555D009D48FC /* FileListViewController.swift in Sources */,
				976662D32734555D009D48FC /* FileListPreview.swift in Sources */,
				976662D42734555D009D48FC /* FileListSearch.swift in Sources */,
				976662D72734555D009D48FC /* PreviewTransitionViewController.swift in Sources */,
				976662D52734555D009D48FC /* WebviewPreviewViewContoller.swift in Sources */,
				976662DA2734555D009D48FC /* FileParser.swift in Sources */,
				976662DB2734555D009D48FC /* FBFile.swift in Sources */,
				976662D92734555D009D48FC /* AllocatedSizeOfDirectory.swift in Sources */,
				976662DC2734555D009D48FC /* SizeConverter.swift in Sources */,
				976662D02734555D009D48FC /* UIColor+Ext.swift in Sources */,
				976662D62734555D009D48FC /* PreviewManager.swift in Sources */,
				976662DE2734555D009D48FC /* FileBrowser.swift in Sources */,
			);
			runOnlyForDeploymentPostprocessing = 0;
		};
		3441695A1C67812400B93D28 /* Sources */ = {
			isa = PBXSourcesBuildPhase;
			buildActionMask = 2147483647;
			files = (
				976662EB273455EE009D48FC /* FileBrowserTests.swift in Sources */,
			);
			runOnlyForDeploymentPostprocessing = 0;
		};
/* End PBXSourcesBuildPhase section */

/* Begin PBXTargetDependency section */
		344169611C67812400B93D28 /* PBXTargetDependency */ = {
			isa = PBXTargetDependency;
			target = 344169531C67812400B93D28 /* FileBrowser */;
			targetProxy = 344169601C67812400B93D28 /* PBXContainerItemProxy */;
		};
/* End PBXTargetDependency section */

/* Begin XCBuildConfiguration section */
		344169661C67812400B93D28 /* Debug */ = {
			isa = XCBuildConfiguration;
			buildSettings = {
				ALWAYS_SEARCH_USER_PATHS = NO;
				CLANG_CXX_LANGUAGE_STANDARD = "gnu++0x";
				CLANG_CXX_LIBRARY = "libc++";
				CLANG_ENABLE_MODULES = YES;
				CLANG_ENABLE_OBJC_ARC = YES;
				CLANG_WARN_BLOCK_CAPTURE_AUTORELEASING = YES;
				CLANG_WARN_BOOL_CONVERSION = YES;
				CLANG_WARN_COMMA = YES;
				CLANG_WARN_CONSTANT_CONVERSION = YES;
				CLANG_WARN_DEPRECATED_OBJC_IMPLEMENTATIONS = YES;
				CLANG_WARN_DIRECT_OBJC_ISA_USAGE = YES_ERROR;
				CLANG_WARN_EMPTY_BODY = YES;
				CLANG_WARN_ENUM_CONVERSION = YES;
				CLANG_WARN_INFINITE_RECURSION = YES;
				CLANG_WARN_INT_CONVERSION = YES;
				CLANG_WARN_NON_LITERAL_NULL_CONVERSION = YES;
				CLANG_WARN_OBJC_IMPLICIT_RETAIN_SELF = YES;
				CLANG_WARN_OBJC_LITERAL_CONVERSION = YES;
				CLANG_WARN_OBJC_ROOT_CLASS = YES_ERROR;
				CLANG_WARN_QUOTED_INCLUDE_IN_FRAMEWORK_HEADER = YES;
				CLANG_WARN_RANGE_LOOP_ANALYSIS = YES;
				CLANG_WARN_STRICT_PROTOTYPES = YES;
				CLANG_WARN_SUSPICIOUS_MOVE = YES;
				CLANG_WARN_UNREACHABLE_CODE = YES;
				CLANG_WARN__DUPLICATE_METHOD_MATCH = YES;
				CODE_SIGN_IDENTITY = "-";
				"CODE_SIGN_IDENTITY[sdk=iphoneos*]" = "-";
				COPY_PHASE_STRIP = NO;
				CURRENT_PROJECT_VERSION = 8;
				DEBUG_INFORMATION_FORMAT = dwarf;
				ENABLE_STRICT_OBJC_MSGSEND = YES;
				ENABLE_TESTABILITY = YES;
				GCC_C_LANGUAGE_STANDARD = gnu99;
				GCC_DYNAMIC_NO_PIC = NO;
				GCC_NO_COMMON_BLOCKS = YES;
				GCC_OPTIMIZATION_LEVEL = 0;
				GCC_PREPROCESSOR_DEFINITIONS = (
					"DEBUG=1",
					"$(inherited)",
				);
				GCC_WARN_64_TO_32_BIT_CONVERSION = YES;
				GCC_WARN_ABOUT_RETURN_TYPE = YES_ERROR;
				GCC_WARN_UNDECLARED_SELECTOR = YES;
				GCC_WARN_UNINITIALIZED_AUTOS = YES_AGGRESSIVE;
				GCC_WARN_UNUSED_FUNCTION = YES;
				GCC_WARN_UNUSED_VARIABLE = YES;
				IPHONEOS_DEPLOYMENT_TARGET = 9.0;
				MTL_ENABLE_DEBUG_INFO = YES;
				ONLY_ACTIVE_ARCH = YES;
				SDKROOT = iphoneos;
				SWIFT_OPTIMIZATION_LEVEL = "-Onone";
				SWIFT_VERSION = 5.0;
				TARGETED_DEVICE_FAMILY = "1,2";
				VERSIONING_SYSTEM = "apple-generic";
				VERSION_INFO_PREFIX = "";
			};
			name = Debug;
		};
		344169671C67812400B93D28 /* Release */ = {
			isa = XCBuildConfiguration;
			buildSettings = {
				ALWAYS_SEARCH_USER_PATHS = NO;
				CLANG_CXX_LANGUAGE_STANDARD = "gnu++0x";
				CLANG_CXX_LIBRARY = "libc++";
				CLANG_ENABLE_MODULES = YES;
				CLANG_ENABLE_OBJC_ARC = YES;
				CLANG_WARN_BLOCK_CAPTURE_AUTORELEASING = YES;
				CLANG_WARN_BOOL_CONVERSION = YES;
				CLANG_WARN_COMMA = YES;
				CLANG_WARN_CONSTANT_CONVERSION = YES;
				CLANG_WARN_DEPRECATED_OBJC_IMPLEMENTATIONS = YES;
				CLANG_WARN_DIRECT_OBJC_ISA_USAGE = YES_ERROR;
				CLANG_WARN_EMPTY_BODY = YES;
				CLANG_WARN_ENUM_CONVERSION = YES;
				CLANG_WARN_INFINITE_RECURSION = YES;
				CLANG_WARN_INT_CONVERSION = YES;
				CLANG_WARN_NON_LITERAL_NULL_CONVERSION = YES;
				CLANG_WARN_OBJC_IMPLICIT_RETAIN_SELF = YES;
				CLANG_WARN_OBJC_LITERAL_CONVERSION = YES;
				CLANG_WARN_OBJC_ROOT_CLASS = YES_ERROR;
				CLANG_WARN_QUOTED_INCLUDE_IN_FRAMEWORK_HEADER = YES;
				CLANG_WARN_RANGE_LOOP_ANALYSIS = YES;
				CLANG_WARN_STRICT_PROTOTYPES = YES;
				CLANG_WARN_SUSPICIOUS_MOVE = YES;
				CLANG_WARN_UNREACHABLE_CODE = YES;
				CLANG_WARN__DUPLICATE_METHOD_MATCH = YES;
				CODE_SIGN_IDENTITY = "-";
				"CODE_SIGN_IDENTITY[sdk=iphoneos*]" = "-";
				COPY_PHASE_STRIP = NO;
				CURRENT_PROJECT_VERSION = 8;
				DEBUG_INFORMATION_FORMAT = "dwarf-with-dsym";
				ENABLE_NS_ASSERTIONS = NO;
				ENABLE_STRICT_OBJC_MSGSEND = YES;
				GCC_C_LANGUAGE_STANDARD = gnu99;
				GCC_NO_COMMON_BLOCKS = YES;
				GCC_WARN_64_TO_32_BIT_CONVERSION = YES;
				GCC_WARN_ABOUT_RETURN_TYPE = YES_ERROR;
				GCC_WARN_UNDECLARED_SELECTOR = YES;
				GCC_WARN_UNINITIALIZED_AUTOS = YES_AGGRESSIVE;
				GCC_WARN_UNUSED_FUNCTION = YES;
				GCC_WARN_UNUSED_VARIABLE = YES;
				IPHONEOS_DEPLOYMENT_TARGET = 9.0;
				MTL_ENABLE_DEBUG_INFO = NO;
				SDKROOT = iphoneos;
				SWIFT_OPTIMIZATION_LEVEL = "-Owholemodule";
				SWIFT_VERSION = 5.0;
				TARGETED_DEVICE_FAMILY = "1,2";
				VALIDATE_PRODUCT = YES;
				VERSIONING_SYSTEM = "apple-generic";
				VERSION_INFO_PREFIX = "";
			};
			name = Release;
		};
		344169691C67812400B93D28 /* Debug */ = {
			isa = XCBuildConfiguration;
			buildSettings = {
				CLANG_ENABLE_MODULES = YES;
				CODE_SIGN_IDENTITY = "";
				DEFINES_MODULE = YES;
				DEVELOPMENT_TEAM = "";
				DYLIB_COMPATIBILITY_VERSION = 1;
				DYLIB_CURRENT_VERSION = 8;
				DYLIB_INSTALL_NAME_BASE = "@rpath";
				INFOPLIST_FILE = "$(SRCROOT)/Sources/FileBrowser/Info.plist";
				INSTALL_PATH = "$(LOCAL_LIBRARY_DIR)/Frameworks";
				IPHONEOS_DEPLOYMENT_TARGET = 9.0;
				LD_RUNPATH_SEARCH_PATHS = "$(inherited) @executable_path/Frameworks @loader_path/Frameworks";
				PRODUCT_BUNDLE_IDENTIFIER = com.roymarmelstein.FileBrowser;
				PRODUCT_NAME = "$(TARGET_NAME)";
				SKIP_INSTALL = YES;
				SWIFT_OPTIMIZATION_LEVEL = "-Onone";
				SWIFT_VERSION = 5.0;
			};
			name = Debug;
		};
		3441696A1C67812400B93D28 /* Release */ = {
			isa = XCBuildConfiguration;
			buildSettings = {
				CLANG_ENABLE_MODULES = YES;
				CODE_SIGN_IDENTITY = "";
				DEFINES_MODULE = YES;
				DEVELOPMENT_TEAM = "";
				DYLIB_COMPATIBILITY_VERSION = 1;
				DYLIB_CURRENT_VERSION = 8;
				DYLIB_INSTALL_NAME_BASE = "@rpath";
				INFOPLIST_FILE = "$(SRCROOT)/Sources/FileBrowser/Info.plist";
				INSTALL_PATH = "$(LOCAL_LIBRARY_DIR)/Frameworks";
				IPHONEOS_DEPLOYMENT_TARGET = 9.0;
				LD_RUNPATH_SEARCH_PATHS = "$(inherited) @executable_path/Frameworks @loader_path/Frameworks";
				PRODUCT_BUNDLE_IDENTIFIER = com.roymarmelstein.FileBrowser;
				PRODUCT_NAME = "$(TARGET_NAME)";
				SKIP_INSTALL = YES;
				SWIFT_VERSION = 5.0;
			};
			name = Release;
		};
		3441696C1C67812400B93D28 /* Debug */ = {
			isa = XCBuildConfiguration;
			buildSettings = {
				ALWAYS_EMBED_SWIFT_STANDARD_LIBRARIES = YES;
				CODE_SIGN_IDENTITY = "";
				DEVELOPMENT_TEAM = "";
				INFOPLIST_FILE = Tests/FileBrowserTests/Info.plist;
				LD_RUNPATH_SEARCH_PATHS = "$(inherited) @executable_path/Frameworks @loader_path/Frameworks";
				PRODUCT_BUNDLE_IDENTIFIER = com.roymarmelstein.FileBrowserTests;
				PRODUCT_NAME = "$(TARGET_NAME)";
				SWIFT_VERSION = 5.0;
			};
			name = Debug;
		};
		3441696D1C67812400B93D28 /* Release */ = {
			isa = XCBuildConfiguration;
			buildSettings = {
				ALWAYS_EMBED_SWIFT_STANDARD_LIBRARIES = YES;
				CODE_SIGN_IDENTITY = "";
				DEVELOPMENT_TEAM = "";
				INFOPLIST_FILE = Tests/FileBrowserTests/Info.plist;
				LD_RUNPATH_SEARCH_PATHS = "$(inherited) @executable_path/Frameworks @loader_path/Frameworks";
				PRODUCT_BUNDLE_IDENTIFIER = com.roymarmelstein.FileBrowserTests;
				PRODUCT_NAME = "$(TARGET_NAME)";
				SWIFT_VERSION = 5.0;
			};
			name = Release;
		};
/* End XCBuildConfiguration section */

/* Begin XCConfigurationList section */
		3441694E1C67812400B93D28 /* Build configuration list for PBXProject "FileBrowser" */ = {
			isa = XCConfigurationList;
			buildConfigurations = (
				344169661C67812400B93D28 /* Debug */,
				344169671C67812400B93D28 /* Release */,
			);
			defaultConfigurationIsVisible = 0;
			defaultConfigurationName = Release;
		};
		344169681C67812400B93D28 /* Build configuration list for PBXNativeTarget "FileBrowser" */ = {
			isa = XCConfigurationList;
			buildConfigurations = (
				344169691C67812400B93D28 /* Debug */,
				3441696A1C67812400B93D28 /* Release */,
			);
			defaultConfigurationIsVisible = 0;
			defaultConfigurationName = Release;
		};
		3441696B1C67812400B93D28 /* Build configuration list for PBXNativeTarget "FileBrowserTests" */ = {
			isa = XCConfigurationList;
			buildConfigurations = (
				3441696C1C67812400B93D28 /* Debug */,
				3441696D1C67812400B93D28 /* Release */,
			);
			defaultConfigurationIsVisible = 0;
			defaultConfigurationName = Release;
		};
/* End XCConfigurationList section */
	};
	rootObject = 3441694B1C67812400B93D28 /* Project object */;
}
